// !$*UTF8*$!
{
	archiveVersion = 1;
	classes = {
	};
	objectVersion = 56;
	objects = {

/* Begin PBXBuildFile section */
		1549046D2D08788700478B27 /* ColorSystem.xcassets in Resources */ = {isa = PBXBuildFile; fileRef = 1549046C2D08788700478B27 /* ColorSystem.xcassets */; };
		1549046F2D08789C00478B27 /* Colors.swift in Sources */ = {isa = PBXBuildFile; fileRef = 1549046E2D08789C00478B27 /* Colors.swift */; };
		1552C1CD2D06BEE600695BCD /* OnboardingControllerView.swift in Sources */ = {isa = PBXBuildFile; fileRef = 1552C1CC2D06BEE600695BCD /* OnboardingControllerView.swift */; };
		1552C1CF2D06C20B00695BCD /* LoginViewController.swift in Sources */ = {isa = PBXBuildFile; fileRef = 1552C1CE2D06C20B00695BCD /* LoginViewController.swift */; };
		1552C1D12D06C73600695BCD /* LoginViewControllerDelegate.swift in Sources */ = {isa = PBXBuildFile; fileRef = 1552C1D02D06C73600695BCD /* LoginViewControllerDelegate.swift */; };
		1552C1D42D06CFC000695BCD /* NavigationManager.swift in Sources */ = {isa = PBXBuildFile; fileRef = 1552C1D32D06CFC000695BCD /* NavigationManager.swift */; };
		1552C1D62D06D90600695BCD /* AuthManager.swift in Sources */ = {isa = PBXBuildFile; fileRef = 1552C1D52D06D90600695BCD /* AuthManager.swift */; };
		15698FED2CF566E200EBC993 /* AppDelegate.swift in Sources */ = {isa = PBXBuildFile; fileRef = 15698FEC2CF566E200EBC993 /* AppDelegate.swift */; };
		15698FEF2CF566E200EBC993 /* SceneDelegate.swift in Sources */ = {isa = PBXBuildFile; fileRef = 15698FEE2CF566E200EBC993 /* SceneDelegate.swift */; };
		15698FF12CF566E200EBC993 /* TasksViewController.swift in Sources */ = {isa = PBXBuildFile; fileRef = 15698FF02CF566E200EBC993 /* TasksViewController.swift */; };
		15698FF42CF566E200EBC993 /* Base in Resources */ = {isa = PBXBuildFile; fileRef = 15698FF32CF566E200EBC993 /* Base */; };
		15698FF72CF566E200EBC993 /* Tu_Do.xcdatamodeld in Sources */ = {isa = PBXBuildFile; fileRef = 15698FF52CF566E200EBC993 /* Tu_Do.xcdatamodeld */; };
		15698FF92CF566E500EBC993 /* Assets.xcassets in Resources */ = {isa = PBXBuildFile; fileRef = 15698FF82CF566E500EBC993 /* Assets.xcassets */; };
		15698FFC2CF566E500EBC993 /* Base in Resources */ = {isa = PBXBuildFile; fileRef = 15698FFB2CF566E500EBC993 /* Base */; };
		156990052CF57C3200EBC993 /* MenuSections.swift in Sources */ = {isa = PBXBuildFile; fileRef = 156990042CF57C3200EBC993 /* MenuSections.swift */; };
		156990082CF582E300EBC993 /* InProgressTasksViewController.swift in Sources */ = {isa = PBXBuildFile; fileRef = 156990072CF582E300EBC993 /* InProgressTasksViewController.swift */; };
		1569900A2CF582FE00EBC993 /* DoneTasksViewController.swift in Sources */ = {isa = PBXBuildFile; fileRef = 156990092CF582FE00EBC993 /* DoneTasksViewController.swift */; };
		1569900C2CF5941C00EBC993 /* NewTaskViewController.swift in Sources */ = {isa = PBXBuildFile; fileRef = 1569900B2CF5941C00EBC993 /* NewTaskViewController.swift */; };
		1569900E2CF6D00500EBC993 /* GoogleService-Info.plist in Resources */ = {isa = PBXBuildFile; fileRef = 1569900D2CF6D00500EBC993 /* GoogleService-Info.plist */; };
		156990102CF6D8E500EBC993 /* Task.swift in Sources */ = {isa = PBXBuildFile; fileRef = 1569900F2CF6D8E500EBC993 /* Task.swift */; };
		156990132CF6DCDE00EBC993 /* DatabaseManager.swift in Sources */ = {isa = PBXBuildFile; fileRef = 156990122CF6DCDE00EBC993 /* DatabaseManager.swift */; };
		156990162CF6EA2E00EBC993 /*  TaskViewControllerDelegate.swift in Sources */ = {isa = PBXBuildFile; fileRef = 156990152CF6EA2E00EBC993 /*  TaskViewControllerDelegate.swift */; };
		156990192CF6F13900EBC993 /* InProgressTableViewCell.swift in Sources */ = {isa = PBXBuildFile; fileRef = 156990182CF6F13900EBC993 /* InProgressTableViewCell.swift */; };
		1569901B2CF72E5900EBC993 /* DoneTasksTableViewCell.swift in Sources */ = {isa = PBXBuildFile; fileRef = 1569901A2CF72E5900EBC993 /* DoneTasksTableViewCell.swift */; };
		1569901D2CF73BFB00EBC993 /* Animatable.swift in Sources */ = {isa = PBXBuildFile; fileRef = 1569901C2CF73BFB00EBC993 /* Animatable.swift */; };
		156990232CF8468700EBC993 /* SegueIdentifier.swift in Sources */ = {isa = PBXBuildFile; fileRef = 156990222CF8468700EBC993 /* SegueIdentifier.swift */; };
		156990252CF8478300EBC993 /* TaskAction.swift in Sources */ = {isa = PBXBuildFile; fileRef = 156990242CF8478300EBC993 /* TaskAction.swift */; };
		156990272CF8482500EBC993 /* MessageState.swift in Sources */ = {isa = PBXBuildFile; fileRef = 156990262CF8482500EBC993 /* MessageState.swift */; };
		156990292CF84BAC00EBC993 /* CellIdenifer.swift in Sources */ = {isa = PBXBuildFile; fileRef = 156990282CF84BAC00EBC993 /* CellIdenifer.swift */; };
		1569902C2CF84FF000EBC993 /* UIView + Extenttion.swift in Sources */ = {isa = PBXBuildFile; fileRef = 1569902B2CF84FF000EBC993 /* UIView + Extenttion.swift */; };
		1569902E2CF863F000EBC993 /* CalendarView.swift in Sources */ = {isa = PBXBuildFile; fileRef = 1569902D2CF863F000EBC993 /* CalendarView.swift */; };
		156990302CF8B70000EBC993 /* CalenderViewDelegat.swift in Sources */ = {isa = PBXBuildFile; fileRef = 1569902F2CF8B70000EBC993 /* CalenderViewDelegat.swift */; };
		156990322CF8BA9100EBC993 /* Date + Extention.swift in Sources */ = {isa = PBXBuildFile; fileRef = 156990312CF8BA9100EBC993 /* Date + Extention.swift */; };
		D3158A6C5677172CE8965090 /* Pods_Tu_Do.framework in Frameworks */ = {isa = PBXBuildFile; fileRef = 2ADF8E158ACD576A04A27335 /* Pods_Tu_Do.framework */; };
/* End PBXBuildFile section */

/* Begin PBXFileReference section */
		1549046C2D08788700478B27 /* ColorSystem.xcassets */ = {isa = PBXFileReference; lastKnownFileType = folder.assetcatalog; path = ColorSystem.xcassets; sourceTree = "<group>"; };
		1549046E2D08789C00478B27 /* Colors.swift */ = {isa = PBXFileReference; lastKnownFileType = sourcecode.swift; path = Colors.swift; sourceTree = "<group>"; };
		1552C1CC2D06BEE600695BCD /* OnboardingControllerView.swift */ = {isa = PBXFileReference; lastKnownFileType = sourcecode.swift; path = OnboardingControllerView.swift; sourceTree = "<group>"; };
		1552C1CE2D06C20B00695BCD /* LoginViewController.swift */ = {isa = PBXFileReference; lastKnownFileType = sourcecode.swift; path = LoginViewController.swift; sourceTree = "<group>"; };
		1552C1D02D06C73600695BCD /* LoginViewControllerDelegate.swift */ = {isa = PBXFileReference; lastKnownFileType = sourcecode.swift; path = LoginViewControllerDelegate.swift; sourceTree = "<group>"; };
		1552C1D32D06CFC000695BCD /* NavigationManager.swift */ = {isa = PBXFileReference; lastKnownFileType = sourcecode.swift; path = NavigationManager.swift; sourceTree = "<group>"; };
		1552C1D52D06D90600695BCD /* AuthManager.swift */ = {isa = PBXFileReference; lastKnownFileType = sourcecode.swift; path = AuthManager.swift; sourceTree = "<group>"; };
		15698FE92CF566E200EBC993 /* Tu Do.app */ = {isa = PBXFileReference; explicitFileType = wrapper.application; includeInIndex = 0; path = "Tu Do.app"; sourceTree = BUILT_PRODUCTS_DIR; };
		15698FEC2CF566E200EBC993 /* AppDelegate.swift */ = {isa = PBXFileReference; lastKnownFileType = sourcecode.swift; path = AppDelegate.swift; sourceTree = "<group>"; };
		15698FEE2CF566E200EBC993 /* SceneDelegate.swift */ = {isa = PBXFileReference; lastKnownFileType = sourcecode.swift; path = SceneDelegate.swift; sourceTree = "<group>"; };
		15698FF02CF566E200EBC993 /* TasksViewController.swift */ = {isa = PBXFileReference; lastKnownFileType = sourcecode.swift; path = TasksViewController.swift; sourceTree = "<group>"; };
		15698FF32CF566E200EBC993 /* Base */ = {isa = PBXFileReference; lastKnownFileType = file.storyboard; name = Base; path = Base.lproj/Main.storyboard; sourceTree = "<group>"; };
		15698FF62CF566E200EBC993 /* Tu_Do.xcdatamodel */ = {isa = PBXFileReference; lastKnownFileType = wrapper.xcdatamodel; path = Tu_Do.xcdatamodel; sourceTree = "<group>"; };
		15698FF82CF566E500EBC993 /* Assets.xcassets */ = {isa = PBXFileReference; lastKnownFileType = folder.assetcatalog; path = Assets.xcassets; sourceTree = "<group>"; };
		15698FFB2CF566E500EBC993 /* Base */ = {isa = PBXFileReference; lastKnownFileType = file.storyboard; name = Base; path = Base.lproj/LaunchScreen.storyboard; sourceTree = "<group>"; };
		15698FFD2CF566E500EBC993 /* Info.plist */ = {isa = PBXFileReference; lastKnownFileType = text.plist.xml; path = Info.plist; sourceTree = "<group>"; };
		156990042CF57C3200EBC993 /* MenuSections.swift */ = {isa = PBXFileReference; lastKnownFileType = sourcecode.swift; path = MenuSections.swift; sourceTree = "<group>"; };
		156990072CF582E300EBC993 /* InProgressTasksViewController.swift */ = {isa = PBXFileReference; lastKnownFileType = sourcecode.swift; path = InProgressTasksViewController.swift; sourceTree = "<group>"; };
		156990092CF582FE00EBC993 /* DoneTasksViewController.swift */ = {isa = PBXFileReference; lastKnownFileType = sourcecode.swift; path = DoneTasksViewController.swift; sourceTree = "<group>"; };
		1569900B2CF5941C00EBC993 /* NewTaskViewController.swift */ = {isa = PBXFileReference; lastKnownFileType = sourcecode.swift; path = NewTaskViewController.swift; sourceTree = "<group>"; };
		1569900D2CF6D00500EBC993 /* GoogleService-Info.plist */ = {isa = PBXFileReference; fileEncoding = 4; lastKnownFileType = text.plist.xml; path = "GoogleService-Info.plist"; sourceTree = "<group>"; };
		1569900F2CF6D8E500EBC993 /* Task.swift */ = {isa = PBXFileReference; lastKnownFileType = sourcecode.swift; path = Task.swift; sourceTree = "<group>"; };
		156990122CF6DCDE00EBC993 /* DatabaseManager.swift */ = {isa = PBXFileReference; lastKnownFileType = sourcecode.swift; path = DatabaseManager.swift; sourceTree = "<group>"; };
		156990152CF6EA2E00EBC993 /*  TaskViewControllerDelegate.swift */ = {isa = PBXFileReference; lastKnownFileType = sourcecode.swift; path = " TaskViewControllerDelegate.swift"; sourceTree = "<group>"; };
		156990182CF6F13900EBC993 /* InProgressTableViewCell.swift */ = {isa = PBXFileReference; lastKnownFileType = sourcecode.swift; path = InProgressTableViewCell.swift; sourceTree = "<group>"; };
		1569901A2CF72E5900EBC993 /* DoneTasksTableViewCell.swift */ = {isa = PBXFileReference; lastKnownFileType = sourcecode.swift; path = DoneTasksTableViewCell.swift; sourceTree = "<group>"; };
		1569901C2CF73BFB00EBC993 /* Animatable.swift */ = {isa = PBXFileReference; lastKnownFileType = sourcecode.swift; path = Animatable.swift; sourceTree = "<group>"; };
		156990222CF8468700EBC993 /* SegueIdentifier.swift */ = {isa = PBXFileReference; lastKnownFileType = sourcecode.swift; path = SegueIdentifier.swift; sourceTree = "<group>"; };
		156990242CF8478300EBC993 /* TaskAction.swift */ = {isa = PBXFileReference; lastKnownFileType = sourcecode.swift; path = TaskAction.swift; sourceTree = "<group>"; };
		156990262CF8482500EBC993 /* MessageState.swift */ = {isa = PBXFileReference; lastKnownFileType = sourcecode.swift; path = MessageState.swift; sourceTree = "<group>"; };
		156990282CF84BAC00EBC993 /* CellIdenifer.swift */ = {isa = PBXFileReference; lastKnownFileType = sourcecode.swift; path = CellIdenifer.swift; sourceTree = "<group>"; };
		1569902B2CF84FF000EBC993 /* UIView + Extenttion.swift */ = {isa = PBXFileReference; lastKnownFileType = sourcecode.swift; path = "UIView + Extenttion.swift"; sourceTree = "<group>"; };
		1569902D2CF863F000EBC993 /* CalendarView.swift */ = {isa = PBXFileReference; lastKnownFileType = sourcecode.swift; path = CalendarView.swift; sourceTree = "<group>"; };
		1569902F2CF8B70000EBC993 /* CalenderViewDelegat.swift */ = {isa = PBXFileReference; lastKnownFileType = sourcecode.swift; path = CalenderViewDelegat.swift; sourceTree = "<group>"; };
		156990312CF8BA9100EBC993 /* Date + Extention.swift */ = {isa = PBXFileReference; lastKnownFileType = sourcecode.swift; path = "Date + Extention.swift"; sourceTree = "<group>"; };
		2ADF8E158ACD576A04A27335 /* Pods_Tu_Do.framework */ = {isa = PBXFileReference; explicitFileType = wrapper.framework; includeInIndex = 0; path = Pods_Tu_Do.framework; sourceTree = BUILT_PRODUCTS_DIR; };
		93FB06C1F2DDD23F0CF9E0FB /* Pods-Tu Do.debug.xcconfig */ = {isa = PBXFileReference; includeInIndex = 1; lastKnownFileType = text.xcconfig; name = "Pods-Tu Do.debug.xcconfig"; path = "Target Support Files/Pods-Tu Do/Pods-Tu Do.debug.xcconfig"; sourceTree = "<group>"; };
		F705D8F64174FBF10E8766A2 /* Pods-Tu Do.release.xcconfig */ = {isa = PBXFileReference; includeInIndex = 1; lastKnownFileType = text.xcconfig; name = "Pods-Tu Do.release.xcconfig"; path = "Target Support Files/Pods-Tu Do/Pods-Tu Do.release.xcconfig"; sourceTree = "<group>"; };
/* End PBXFileReference section */

/* Begin PBXFrameworksBuildPhase section */
		15698FE62CF566E200EBC993 /* Frameworks */ = {
			isa = PBXFrameworksBuildPhase;
			buildActionMask = 2147483647;
			files = (
				D3158A6C5677172CE8965090 /* Pods_Tu_Do.framework in Frameworks */,
			);
			runOnlyForDeploymentPostprocessing = 0;
		};
/* End PBXFrameworksBuildPhase section */

/* Begin PBXGroup section */
		1549046A2D08784800478B27 /* ColorSystem */ = {
			isa = PBXGroup;
			children = (
				1549046C2D08788700478B27 /* ColorSystem.xcassets */,
				1549046E2D08789C00478B27 /* Colors.swift */,
			);
			path = ColorSystem;
			sourceTree = "<group>";
		};
		15698FE02CF566E200EBC993 = {
			isa = PBXGroup;
			children = (
				15698FEB2CF566E200EBC993 /* Tu Do */,
				15698FEA2CF566E200EBC993 /* Products */,
				2C2CA098623D13D1BE87B10A /* Pods */,
				833B2F77867DA24CC4A41880 /* Frameworks */,
			);
			sourceTree = "<group>";
		};
		15698FEA2CF566E200EBC993 /* Products */ = {
			isa = PBXGroup;
			children = (
				15698FE92CF566E200EBC993 /* Tu Do.app */,
			);
			name = Products;
			sourceTree = "<group>";
		};
		15698FEB2CF566E200EBC993 /* Tu Do */ = {
			isa = PBXGroup;
			children = (
				1569901E2CF8457300EBC993 /* Utilities */,
				156990032CF576A800EBC993 /* Model */,
				156990172CF6F07200EBC993 /* Views */,
				156990062CF5829700EBC993 /* Controllers */,
				156990142CF6EA1500EBC993 /* Protocols  */,
				156990112CF6DCB200EBC993 /* Services */,
				15698FEC2CF566E200EBC993 /* AppDelegate.swift */,
				15698FEE2CF566E200EBC993 /* SceneDelegate.swift */,
				15698FF22CF566E200EBC993 /* Main.storyboard */,
				15698FF82CF566E500EBC993 /* Assets.xcassets */,
				15698FFA2CF566E500EBC993 /* LaunchScreen.storyboard */,
				1569900D2CF6D00500EBC993 /* GoogleService-Info.plist */,
				15698FFD2CF566E500EBC993 /* Info.plist */,
				15698FF52CF566E200EBC993 /* Tu_Do.xcdatamodeld */,
			);
			path = "Tu Do";
			sourceTree = "<group>";
		};
		156990032CF576A800EBC993 /* Model */ = {
			isa = PBXGroup;
			children = (
				156990042CF57C3200EBC993 /* MenuSections.swift */,
				1569900F2CF6D8E500EBC993 /* Task.swift */,
			);
			path = Model;
			sourceTree = "<group>";
		};
		156990062CF5829700EBC993 /* Controllers */ = {
			isa = PBXGroup;
			children = (
				15698FF02CF566E200EBC993 /* TasksViewController.swift */,
				156990072CF582E300EBC993 /* InProgressTasksViewController.swift */,
				156990092CF582FE00EBC993 /* DoneTasksViewController.swift */,
				1569900B2CF5941C00EBC993 /* NewTaskViewController.swift */,
				1552C1CC2D06BEE600695BCD /* OnboardingControllerView.swift */,
				1552C1CE2D06C20B00695BCD /* LoginViewController.swift */,
			);
			path = Controllers;
			sourceTree = "<group>";
		};
		156990112CF6DCB200EBC993 /* Services */ = {
			isa = PBXGroup;
			children = (
				156990122CF6DCDE00EBC993 /* DatabaseManager.swift */,
				1552C1D32D06CFC000695BCD /* NavigationManager.swift */,
				1552C1D52D06D90600695BCD /* AuthManager.swift */,
			);
			path = Services;
			sourceTree = "<group>";
		};
		156990142CF6EA1500EBC993 /* Protocols  */ = {
			isa = PBXGroup;
			children = (
				156990152CF6EA2E00EBC993 /*  TaskViewControllerDelegate.swift */,
				1569901C2CF73BFB00EBC993 /* Animatable.swift */,
				1569902F2CF8B70000EBC993 /* CalenderViewDelegat.swift */,
				1552C1D02D06C73600695BCD /* LoginViewControllerDelegate.swift */,
			);
			path = "Protocols ";
			sourceTree = "<group>";
		};
		156990172CF6F07200EBC993 /* Views */ = {
			isa = PBXGroup;
			children = (
				156990182CF6F13900EBC993 /* InProgressTableViewCell.swift */,
				1569901A2CF72E5900EBC993 /* DoneTasksTableViewCell.swift */,
				1569902D2CF863F000EBC993 /* CalendarView.swift */,
			);
			path = Views;
			sourceTree = "<group>";
		};
		1569901E2CF8457300EBC993 /* Utilities */ = {
			isa = PBXGroup;
			children = (
				1549046A2D08784800478B27 /* ColorSystem */,
				1569902A2CF84F1C00EBC993 /* Extentions */,
				1569901F2CF8458900EBC993 /* Emums */,
			);
			path = Utilities;
			sourceTree = "<group>";
		};
		1569901F2CF8458900EBC993 /* Emums */ = {
			isa = PBXGroup;
			children = (
				156990222CF8468700EBC993 /* SegueIdentifier.swift */,
				156990242CF8478300EBC993 /* TaskAction.swift */,
				156990262CF8482500EBC993 /* MessageState.swift */,
				156990282CF84BAC00EBC993 /* CellIdenifer.swift */,
			);
			path = Emums;
			sourceTree = "<group>";
		};
		1569902A2CF84F1C00EBC993 /* Extentions */ = {
			isa = PBXGroup;
			children = (
				1569902B2CF84FF000EBC993 /* UIView + Extenttion.swift */,
				156990312CF8BA9100EBC993 /* Date + Extention.swift */,
			);
			path = Extentions;
			sourceTree = "<group>";
		};
		2C2CA098623D13D1BE87B10A /* Pods */ = {
			isa = PBXGroup;
			children = (
				93FB06C1F2DDD23F0CF9E0FB /* Pods-Tu Do.debug.xcconfig */,
				F705D8F64174FBF10E8766A2 /* Pods-Tu Do.release.xcconfig */,
			);
			path = Pods;
			sourceTree = "<group>";
		};
		833B2F77867DA24CC4A41880 /* Frameworks */ = {
			isa = PBXGroup;
			children = (
				2ADF8E158ACD576A04A27335 /* Pods_Tu_Do.framework */,
			);
			name = Frameworks;
			sourceTree = "<group>";
		};
/* End PBXGroup section */

/* Begin PBXNativeTarget section */
		15698FE82CF566E200EBC993 /* Tu Do */ = {
			isa = PBXNativeTarget;
			buildConfigurationList = 156990002CF566E500EBC993 /* Build configuration list for PBXNativeTarget "Tu Do" */;
			buildPhases = (
				2979924F61B2FDC26B79C617 /* [CP] Check Pods Manifest.lock */,
				15698FE52CF566E200EBC993 /* Sources */,
				15698FE62CF566E200EBC993 /* Frameworks */,
				15698FE72CF566E200EBC993 /* Resources */,
				5999460CC3CCD33182CD6D30 /* [CP] Embed Pods Frameworks */,
			);
			buildRules = (
			);
			dependencies = (
			);
			name = "Tu Do";
			productName = "Tu Do";
			productReference = 15698FE92CF566E200EBC993 /* Tu Do.app */;
			productType = "com.apple.product-type.application";
		};
/* End PBXNativeTarget section */

/* Begin PBXProject section */
		15698FE12CF566E200EBC993 /* Project object */ = {
			isa = PBXProject;
			attributes = {
				BuildIndependentTargetsInParallel = 1;
				LastSwiftUpdateCheck = 1540;
				LastUpgradeCheck = 1540;
				TargetAttributes = {
					15698FE82CF566E200EBC993 = {
						CreatedOnToolsVersion = 15.4;
					};
				};
			};
			buildConfigurationList = 15698FE42CF566E200EBC993 /* Build configuration list for PBXProject "Tu Do" */;
			compatibilityVersion = "Xcode 14.0";
			developmentRegion = en;
			hasScannedForEncodings = 0;
			knownRegions = (
				en,
				Base,
			);
			mainGroup = 15698FE02CF566E200EBC993;
			productRefGroup = 15698FEA2CF566E200EBC993 /* Products */;
			projectDirPath = "";
			projectRoot = "";
			targets = (
				15698FE82CF566E200EBC993 /* Tu Do */,
			);
		};
/* End PBXProject section */

/* Begin PBXResourcesBuildPhase section */
		15698FE72CF566E200EBC993 /* Resources */ = {
			isa = PBXResourcesBuildPhase;
			buildActionMask = 2147483647;
			files = (
				15698FF92CF566E500EBC993 /* Assets.xcassets in Resources */,
				1569900E2CF6D00500EBC993 /* GoogleService-Info.plist in Resources */,
				15698FFC2CF566E500EBC993 /* Base in Resources */,
				1549046D2D08788700478B27 /* ColorSystem.xcassets in Resources */,
				15698FF42CF566E200EBC993 /* Base in Resources */,
			);
			runOnlyForDeploymentPostprocessing = 0;
		};
/* End PBXResourcesBuildPhase section */

/* Begin PBXShellScriptBuildPhase section */
		2979924F61B2FDC26B79C617 /* [CP] Check Pods Manifest.lock */ = {
			isa = PBXShellScriptBuildPhase;
			buildActionMask = 2147483647;
			files = (
			);
			inputFileListPaths = (
			);
			inputPaths = (
				"${PODS_PODFILE_DIR_PATH}/Podfile.lock",
				"${PODS_ROOT}/Manifest.lock",
			);
			name = "[CP] Check Pods Manifest.lock";
			outputFileListPaths = (
			);
			outputPaths = (
				"$(DERIVED_FILE_DIR)/Pods-Tu Do-checkManifestLockResult.txt",
			);
			runOnlyForDeploymentPostprocessing = 0;
			shellPath = /bin/sh;
			shellScript = "diff \"${PODS_PODFILE_DIR_PATH}/Podfile.lock\" \"${PODS_ROOT}/Manifest.lock\" > /dev/null\nif [ $? != 0 ] ; then\n    # print error to STDERR\n    echo \"error: The sandbox is not in sync with the Podfile.lock. Run 'pod install' or update your CocoaPods installation.\" >&2\n    exit 1\nfi\n# This output is used by Xcode 'outputs' to avoid re-running this script phase.\necho \"SUCCESS\" > \"${SCRIPT_OUTPUT_FILE_0}\"\n";
			showEnvVarsInLog = 0;
		};
		5999460CC3CCD33182CD6D30 /* [CP] Embed Pods Frameworks */ = {
			isa = PBXShellScriptBuildPhase;
			buildActionMask = 2147483647;
			files = (
			);
			inputFileListPaths = (
				"${PODS_ROOT}/Target Support Files/Pods-Tu Do/Pods-Tu Do-frameworks-${CONFIGURATION}-input-files.xcfilelist",
			);
			name = "[CP] Embed Pods Frameworks";
			outputFileListPaths = (
				"${PODS_ROOT}/Target Support Files/Pods-Tu Do/Pods-Tu Do-frameworks-${CONFIGURATION}-output-files.xcfilelist",
			);
			runOnlyForDeploymentPostprocessing = 0;
			shellPath = /bin/sh;
			shellScript = "\"${PODS_ROOT}/Target Support Files/Pods-Tu Do/Pods-Tu Do-frameworks.sh\"\n";
			showEnvVarsInLog = 0;
		};
/* End PBXShellScriptBuildPhase section */

/* Begin PBXSourcesBuildPhase section */
		15698FE52CF566E200EBC993 /* Sources */ = {
			isa = PBXSourcesBuildPhase;
			buildActionMask = 2147483647;
			files = (
				1569900C2CF5941C00EBC993 /* NewTaskViewController.swift in Sources */,
				1552C1CD2D06BEE600695BCD /* OnboardingControllerView.swift in Sources */,
				156990272CF8482500EBC993 /* MessageState.swift in Sources */,
				1569902C2CF84FF000EBC993 /* UIView + Extenttion.swift in Sources */,
				15698FF12CF566E200EBC993 /* TasksViewController.swift in Sources */,
				156990132CF6DCDE00EBC993 /* DatabaseManager.swift in Sources */,
				156990252CF8478300EBC993 /* TaskAction.swift in Sources */,
				156990052CF57C3200EBC993 /* MenuSections.swift in Sources */,
				15698FF72CF566E200EBC993 /* Tu_Do.xcdatamodeld in Sources */,
				156990302CF8B70000EBC993 /* CalenderViewDelegat.swift in Sources */,
				1552C1D62D06D90600695BCD /* AuthManager.swift in Sources */,
				156990082CF582E300EBC993 /* InProgressTasksViewController.swift in Sources */,
				1552C1D42D06CFC000695BCD /* NavigationManager.swift in Sources */,
				1552C1D12D06C73600695BCD /* LoginViewControllerDelegate.swift in Sources */,
				15698FED2CF566E200EBC993 /* AppDelegate.swift in Sources */,
				1552C1CF2D06C20B00695BCD /* LoginViewController.swift in Sources */,
				1569900A2CF582FE00EBC993 /* DoneTasksViewController.swift in Sources */,
				1549046F2D08789C00478B27 /* Colors.swift in Sources */,
				156990292CF84BAC00EBC993 /* CellIdenifer.swift in Sources */,
				156990162CF6EA2E00EBC993 /*  TaskViewControllerDelegate.swift in Sources */,
				1569901B2CF72E5900EBC993 /* DoneTasksTableViewCell.swift in Sources */,
				156990102CF6D8E500EBC993 /* Task.swift in Sources */,
				1569901D2CF73BFB00EBC993 /* Animatable.swift in Sources */,
				156990232CF8468700EBC993 /* SegueIdentifier.swift in Sources */,
				156990322CF8BA9100EBC993 /* Date + Extention.swift in Sources */,
				1569902E2CF863F000EBC993 /* CalendarView.swift in Sources */,
				15698FEF2CF566E200EBC993 /* SceneDelegate.swift in Sources */,
				156990192CF6F13900EBC993 /* InProgressTableViewCell.swift in Sources */,
			);
			runOnlyForDeploymentPostprocessing = 0;
		};
/* End PBXSourcesBuildPhase section */

/* Begin PBXVariantGroup section */
		15698FF22CF566E200EBC993 /* Main.storyboard */ = {
			isa = PBXVariantGroup;
			children = (
				15698FF32CF566E200EBC993 /* Base */,
			);
			name = Main.storyboard;
			sourceTree = "<group>";
		};
		15698FFA2CF566E500EBC993 /* LaunchScreen.storyboard */ = {
			isa = PBXVariantGroup;
			children = (
				15698FFB2CF566E500EBC993 /* Base */,
			);
			name = LaunchScreen.storyboard;
			sourceTree = "<group>";
		};
/* End PBXVariantGroup section */

/* Begin XCBuildConfiguration section */
		15698FFE2CF566E500EBC993 /* Debug */ = {
			isa = XCBuildConfiguration;
			buildSettings = {
				ALWAYS_SEARCH_USER_PATHS = NO;
				ASSETCATALOG_COMPILER_GENERATE_SWIFT_ASSET_SYMBOL_EXTENSIONS = YES;
				CLANG_ANALYZER_NONNULL = YES;
				CLANG_ANALYZER_NUMBER_OBJECT_CONVERSION = YES_AGGRESSIVE;
				CLANG_CXX_LANGUAGE_STANDARD = "gnu++20";
				CLANG_ENABLE_MODULES = YES;
				CLANG_ENABLE_OBJC_ARC = YES;
				CLANG_ENABLE_OBJC_WEAK = YES;
				CLANG_WARN_BLOCK_CAPTURE_AUTORELEASING = YES;
				CLANG_WARN_BOOL_CONVERSION = YES;
				CLANG_WARN_COMMA = YES;
				CLANG_WARN_CONSTANT_CONVERSION = YES;
				CLANG_WARN_DEPRECATED_OBJC_IMPLEMENTATIONS = YES;
				CLANG_WARN_DIRECT_OBJC_ISA_USAGE = YES_ERROR;
				CLANG_WARN_DOCUMENTATION_COMMENTS = YES;
				CLANG_WARN_EMPTY_BODY = YES;
				CLANG_WARN_ENUM_CONVERSION = YES;
				CLANG_WARN_INFINITE_RECURSION = YES;
				CLANG_WARN_INT_CONVERSION = YES;
				CLANG_WARN_NON_LITERAL_NULL_CONVERSION = YES;
				CLANG_WARN_OBJC_IMPLICIT_RETAIN_SELF = YES;
				CLANG_WARN_OBJC_LITERAL_CONVERSION = YES;
				CLANG_WARN_OBJC_ROOT_CLASS = YES_ERROR;
				CLANG_WARN_QUOTED_INCLUDE_IN_FRAMEWORK_HEADER = YES;
				CLANG_WARN_RANGE_LOOP_ANALYSIS = YES;
				CLANG_WARN_STRICT_PROTOTYPES = YES;
				CLANG_WARN_SUSPICIOUS_MOVE = YES;
				CLANG_WARN_UNGUARDED_AVAILABILITY = YES_AGGRESSIVE;
				CLANG_WARN_UNREACHABLE_CODE = YES;
				CLANG_WARN__DUPLICATE_METHOD_MATCH = YES;
				COPY_PHASE_STRIP = NO;
				DEBUG_INFORMATION_FORMAT = dwarf;
				ENABLE_STRICT_OBJC_MSGSEND = YES;
				ENABLE_TESTABILITY = YES;
				ENABLE_USER_SCRIPT_SANDBOXING = NO;
				GCC_C_LANGUAGE_STANDARD = gnu17;
				GCC_DYNAMIC_NO_PIC = NO;
				GCC_NO_COMMON_BLOCKS = YES;
				GCC_OPTIMIZATION_LEVEL = 0;
				GCC_PREPROCESSOR_DEFINITIONS = (
					"DEBUG=1",
					"$(inherited)",
				);
				GCC_WARN_64_TO_32_BIT_CONVERSION = YES;
				GCC_WARN_ABOUT_RETURN_TYPE = YES_ERROR;
				GCC_WARN_UNDECLARED_SELECTOR = YES;
				GCC_WARN_UNINITIALIZED_AUTOS = YES_AGGRESSIVE;
				GCC_WARN_UNUSED_FUNCTION = YES;
				GCC_WARN_UNUSED_VARIABLE = YES;
				IPHONEOS_DEPLOYMENT_TARGET = 17.5;
				LOCALIZATION_PREFERS_STRING_CATALOGS = YES;
				MTL_ENABLE_DEBUG_INFO = INCLUDE_SOURCE;
				MTL_FAST_MATH = YES;
				ONLY_ACTIVE_ARCH = YES;
				SDKROOT = iphoneos;
				SWIFT_ACTIVE_COMPILATION_CONDITIONS = "DEBUG $(inherited)";
				SWIFT_OPTIMIZATION_LEVEL = "-Onone";
			};
			name = Debug;
		};
		15698FFF2CF566E500EBC993 /* Release */ = {
			isa = XCBuildConfiguration;
			buildSettings = {
				ALWAYS_SEARCH_USER_PATHS = NO;
				ASSETCATALOG_COMPILER_GENERATE_SWIFT_ASSET_SYMBOL_EXTENSIONS = YES;
				CLANG_ANALYZER_NONNULL = YES;
				CLANG_ANALYZER_NUMBER_OBJECT_CONVERSION = YES_AGGRESSIVE;
				CLANG_CXX_LANGUAGE_STANDARD = "gnu++20";
				CLANG_ENABLE_MODULES = YES;
				CLANG_ENABLE_OBJC_ARC = YES;
				CLANG_ENABLE_OBJC_WEAK = YES;
				CLANG_WARN_BLOCK_CAPTURE_AUTORELEASING = YES;
				CLANG_WARN_BOOL_CONVERSION = YES;
				CLANG_WARN_COMMA = YES;
				CLANG_WARN_CONSTANT_CONVERSION = YES;
				CLANG_WARN_DEPRECATED_OBJC_IMPLEMENTATIONS = YES;
				CLANG_WARN_DIRECT_OBJC_ISA_USAGE = YES_ERROR;
				CLANG_WARN_DOCUMENTATION_COMMENTS = YES;
				CLANG_WARN_EMPTY_BODY = YES;
				CLANG_WARN_ENUM_CONVERSION = YES;
				CLANG_WARN_INFINITE_RECURSION = YES;
				CLANG_WARN_INT_CONVERSION = YES;
				CLANG_WARN_NON_LITERAL_NULL_CONVERSION = YES;
				CLANG_WARN_OBJC_IMPLICIT_RETAIN_SELF = YES;
				CLANG_WARN_OBJC_LITERAL_CONVERSION = YES;
				CLANG_WARN_OBJC_ROOT_CLASS = YES_ERROR;
				CLANG_WARN_QUOTED_INCLUDE_IN_FRAMEWORK_HEADER = YES;
				CLANG_WARN_RANGE_LOOP_ANALYSIS = YES;
				CLANG_WARN_STRICT_PROTOTYPES = YES;
				CLANG_WARN_SUSPICIOUS_MOVE = YES;
				CLANG_WARN_UNGUARDED_AVAILABILITY = YES_AGGRESSIVE;
				CLANG_WARN_UNREACHABLE_CODE = YES;
				CLANG_WARN__DUPLICATE_METHOD_MATCH = YES;
				COPY_PHASE_STRIP = NO;
				DEBUG_INFORMATION_FORMAT = "dwarf-with-dsym";
				ENABLE_NS_ASSERTIONS = NO;
				ENABLE_STRICT_OBJC_MSGSEND = YES;
				ENABLE_USER_SCRIPT_SANDBOXING = NO;
				GCC_C_LANGUAGE_STANDARD = gnu17;
				GCC_NO_COMMON_BLOCKS = YES;
				GCC_WARN_64_TO_32_BIT_CONVERSION = YES;
				GCC_WARN_ABOUT_RETURN_TYPE = YES_ERROR;
				GCC_WARN_UNDECLARED_SELECTOR = YES;
				GCC_WARN_UNINITIALIZED_AUTOS = YES_AGGRESSIVE;
				GCC_WARN_UNUSED_FUNCTION = YES;
				GCC_WARN_UNUSED_VARIABLE = YES;
				IPHONEOS_DEPLOYMENT_TARGET = 17.5;
				LOCALIZATION_PREFERS_STRING_CATALOGS = YES;
				MTL_ENABLE_DEBUG_INFO = NO;
				MTL_FAST_MATH = YES;
				SDKROOT = iphoneos;
				SWIFT_COMPILATION_MODE = wholemodule;
				VALIDATE_PRODUCT = YES;
			};
			name = Release;
		};
		156990012CF566E500EBC993 /* Debug */ = {
			isa = XCBuildConfiguration;
			baseConfigurationReference = 93FB06C1F2DDD23F0CF9E0FB /* Pods-Tu Do.debug.xcconfig */;
			buildSettings = {
				ASSETCATALOG_COMPILER_APPICON_NAME = AppIcon;
				ASSETCATALOG_COMPILER_GLOBAL_ACCENT_COLOR_NAME = AccentColor;
				CODE_SIGN_STYLE = Automatic;
				CURRENT_PROJECT_VERSION = 1;
				DEVELOPMENT_TEAM = 88966CQ476;
				GENERATE_INFOPLIST_FILE = YES;
				INFOPLIST_FILE = "Tu Do/Info.plist";
				INFOPLIST_KEY_UIApplicationSupportsIndirectInputEvents = YES;
				INFOPLIST_KEY_UILaunchStoryboardName = LaunchScreen;
				INFOPLIST_KEY_UIMainStoryboardFile = Main;
				INFOPLIST_KEY_UISupportedInterfaceOrientations_iPad = "UIInterfaceOrientationPortrait UIInterfaceOrientationPortraitUpsideDown UIInterfaceOrientationLandscapeLeft UIInterfaceOrientationLandscapeRight";
				INFOPLIST_KEY_UISupportedInterfaceOrientations_iPhone = "UIInterfaceOrientationPortrait UIInterfaceOrientationLandscapeLeft UIInterfaceOrientationLandscapeRight";
				IPHONEOS_DEPLOYMENT_TARGET = 15;
				LD_RUNPATH_SEARCH_PATHS = (
					"$(inherited)",
					"@executable_path/Frameworks",
				);
				MARKETING_VERSION = 1.0;
				PRODUCT_BUNDLE_IDENTIFIER = "ahmed-elgndy.Tu-Do";
				PRODUCT_NAME = "$(TARGET_NAME)";
				SUPPORTED_PLATFORMS = "iphoneos iphonesimulator";
				SUPPORTS_MACCATALYST = NO;
				SUPPORTS_MAC_DESIGNED_FOR_IPHONE_IPAD = NO;
				SUPPORTS_XR_DESIGNED_FOR_IPHONE_IPAD = NO;
				SWIFT_EMIT_LOC_STRINGS = YES;
				SWIFT_VERSION = 5.0;
				TARGETED_DEVICE_FAMILY = 1;
			};
			name = Debug;
		};
		156990022CF566E500EBC993 /* Release */ = {
			isa = XCBuildConfiguration;
			baseConfigurationReference = F705D8F64174FBF10E8766A2 /* Pods-Tu Do.release.xcconfig */;
			buildSettings = {
				ASSETCATALOG_COMPILER_APPICON_NAME = AppIcon;
				ASSETCATALOG_COMPILER_GLOBAL_ACCENT_COLOR_NAME = AccentColor;
				CODE_SIGN_STYLE = Automatic;
				CURRENT_PROJECT_VERSION = 1;
				DEVELOPMENT_TEAM = 88966CQ476;
				GENERATE_INFOPLIST_FILE = YES;
				INFOPLIST_FILE = "Tu Do/Info.plist";
				INFOPLIST_KEY_UIApplicationSupportsIndirectInputEvents = YES;
				INFOPLIST_KEY_UILaunchStoryboardName = LaunchScreen;
				INFOPLIST_KEY_UIMainStoryboardFile = Main;
				INFOPLIST_KEY_UISupportedInterfaceOrientations_iPad = "UIInterfaceOrientationPortrait UIInterfaceOrientationPortraitUpsideDown UIInterfaceOrientationLandscapeLeft UIInterfaceOrientationLandscapeRight";
				INFOPLIST_KEY_UISupportedInterfaceOrientations_iPhone = "UIInterfaceOrientationPortrait UIInterfaceOrientationLandscapeLeft UIInterfaceOrientationLandscapeRight";
				IPHONEOS_DEPLOYMENT_TARGET = 15;
				LD_RUNPATH_SEARCH_PATHS = (
					"$(inherited)",
					"@executable_path/Frameworks",
				);
				MARKETING_VERSION = 1.0;
				PRODUCT_BUNDLE_IDENTIFIER = "ahmed-elgndy.Tu-Do";
				PRODUCT_NAME = "$(TARGET_NAME)";
				SUPPORTED_PLATFORMS = "iphoneos iphonesimulator";
				SUPPORTS_MACCATALYST = NO;
				SUPPORTS_MAC_DESIGNED_FOR_IPHONE_IPAD = NO;
				SUPPORTS_XR_DESIGNED_FOR_IPHONE_IPAD = NO;
				SWIFT_EMIT_LOC_STRINGS = YES;
				SWIFT_VERSION = 5.0;
				TARGETED_DEVICE_FAMILY = 1;
			};
			name = Release;
		};
/* End XCBuildConfiguration section */

/* Begin XCConfigurationList section */
		15698FE42CF566E200EBC993 /* Build configuration list for PBXProject "Tu Do" */ = {
			isa = XCConfigurationList;
			buildConfigurations = (
				15698FFE2CF566E500EBC993 /* Debug */,
				15698FFF2CF566E500EBC993 /* Release */,
			);
			defaultConfigurationIsVisible = 0;
			defaultConfigurationName = Release;
		};
		156990002CF566E500EBC993 /* Build configuration list for PBXNativeTarget "Tu Do" */ = {
			isa = XCConfigurationList;
			buildConfigurations = (
				156990012CF566E500EBC993 /* Debug */,
				156990022CF566E500EBC993 /* Release */,
			);
			defaultConfigurationIsVisible = 0;
			defaultConfigurationName = Release;
		};
/* End XCConfigurationList section */

/* Begin XCVersionGroup section */
		15698FF52CF566E200EBC993 /* Tu_Do.xcdatamodeld */ = {
			isa = XCVersionGroup;
			children = (
				15698FF62CF566E200EBC993 /* Tu_Do.xcdatamodel */,
			);
			currentVersion = 15698FF62CF566E200EBC993 /* Tu_Do.xcdatamodel */;
			path = Tu_Do.xcdatamodeld;
			sourceTree = "<group>";
			versionGroupType = wrapper.xcdatamodel;
		};
/* End XCVersionGroup section */
	};
	rootObject = 15698FE12CF566E200EBC993 /* Project object */;
}
